
Microsoft Visual Studio Solution File, Format Version 12.00
# Visual Studio Version 16
VisualStudioVersion = 16.0.29709.97
MinimumVisualStudioVersion = 10.0.40219.1
Project("{9A19103F-16F7-4668-BE54-9A1E7A4F7556}") = "H2020_TP2_Gestion_Ressources", "H2020_TP2_Gestion_Ressources\H2020_TP2_Gestion_Ressources.csproj", "{A676C533-9F3F-4684-B57A-DCADB63CF153}"
EndProject
Project("{FAE04EC0-301F-11D3-BF4B-00C04F79EFBC}") = "TestsPOOI_TP2_Gestion_Ressources", "TestsPOOI_TP2_Gestion_Ressources\TestsPOOI_TP2_Gestion_Ressources.csproj", "{CD76C23E-D151-434F-9C52-1CD96C892F5B}"
EndProject
Global
	GlobalSection(SolutionConfigurationPlatforms) = preSolution
		Debug|Any CPU = Debug|Any CPU
		Release|Any CPU = Release|Any CPU
	EndGlobalSection
	GlobalSection(ProjectConfigurationPlatforms) = postSolution
		{A676C533-9F3F-4684-B57A-DCADB63CF153}.Debug|Any CPU.ActiveCfg = Debug|Any CPU
		{A676C533-9F3F-4684-B57A-DCADB63CF153}.Debug|Any CPU.Build.0 = Debug|Any CPU
		{A676C533-9F3F-4684-B57A-DCADB63CF153}.Release|Any CPU.ActiveCfg = Release|Any CPU
		{A676C533-9F3F-4684-B57A-DCADB63CF153}.Release|Any CPU.Build.0 = Release|Any CPU
		{CD76C23E-D151-434F-9C52-1CD96C892F5B}.Debug|Any CPU.ActiveCfg = Debug|Any CPU
		{CD76C23E-D151-434F-9C52-1CD96C892F5B}.Debug|Any CPU.Build.0 = Debug|Any CPU
		{CD76C23E-D151-434F-9C52-1CD96C892F5B}.Release|Any CPU.ActiveCfg = Release|Any CPU
		{CD76C23E-D151-434F-9C52-1CD96C892F5B}.Release|Any CPU.Build.0 = Release|Any CPU
	EndGlobalSection
	GlobalSection(SolutionProperties) = preSolution
		HideSolutionNode = FALSE
	EndGlobalSection
	GlobalSection(ExtensibilityGlobals) = postSolution
		SolutionGuid = {6D9F2B68-1C6F-4BA4-B17C-24BEF13D1061}
	EndGlobalSection
EndGlobal
